
Microsoft Visual Studio Solution File, Format Version 12.00
# Visual Studio Version 16
VisualStudioVersion = 16.0.29920.165
MinimumVisualStudioVersion = 10.0.40219.1
Project("{FAE04EC0-301F-11D3-BF4B-00C04F79EFBC}") = "WebApplication5", "WebApplication5.csproj", "{0AE21D93-9D36-4FD0-A89B-EB73F24DF298}"
EndProject
Global
	GlobalSection(SolutionConfigurationPlatforms) = preSolution
		Debug|Any CPU = Debug|Any CPU
		Release|Any CPU = Release|Any CPU
	EndGlobalSection
	GlobalSection(ProjectConfigurationPlatforms) = postSolution
		{0AE21D93-9D36-4FD0-A89B-EB73F24DF298}.Debug|Any CPU.ActiveCfg = Debug|Any CPU
		{0AE21D93-9D36-4FD0-A89B-EB73F24DF298}.Debug|Any CPU.Build.0 = Debug|Any CPU
		{0AE21D93-9D36-4FD0-A89B-EB73F24DF298}.Release|Any CPU.ActiveCfg = Release|Any CPU
		{0AE21D93-9D36-4FD0-A89B-EB73F24DF298}.Release|Any CPU.Build.0 = Release|Any CPU
	EndGlobalSection
	GlobalSection(SolutionProperties) = preSolution
		HideSolutionNode = FALSE
	EndGlobalSection
	GlobalSection(ExtensibilityGlobals) = postSolution
		SolutionGuid = {20FEE4C7-92F4-44AA-ABD6-BD739E3100FA}
	EndGlobalSection
EndGlobal
